
Microsoft Visual Studio Solution File, Format Version 12.00
# Visual Studio Version 16
VisualStudioVersion = 16.0.28803.352
MinimumVisualStudioVersion = 10.0.40219.1
Project("{8BC9CEB8-8B4A-11D0-8D11-00A0C91BC942}") = "BookManager", "BookManager\BookManager.vcxproj", "{F73C093D-9BAA-4623-958A-E2D20563EF6E}"
EndProject
Global
	GlobalSection(SolutionConfigurationPlatforms) = preSolution
		Debug|x64 = Debug|x64
		Debug|x86 = Debug|x86
		Release|x64 = Release|x64
		Release|x86 = Release|x86
	EndGlobalSection
	GlobalSection(ProjectConfigurationPlatforms) = postSolution
		{F73C093D-9BAA-4623-958A-E2D20563EF6E}.Debug|x64.ActiveCfg = Debug|x64
		{F73C093D-9BAA-4623-958A-E2D20563EF6E}.Debug|x64.Build.0 = Debug|x64
		{F73C093D-9BAA-4623-958A-E2D20563EF6E}.Debug|x86.ActiveCfg = Debug|Win32
		{F73C093D-9BAA-4623-958A-E2D20563EF6E}.Debug|x86.Build.0 = Debug|Win32
		{F73C093D-9BAA-4623-958A-E2D20563EF6E}.Release|x64.ActiveCfg = Release|x64
		{F73C093D-9BAA-4623-958A-E2D20563EF6E}.Release|x64.Build.0 = Release|x64
		{F73C093D-9BAA-4623-958A-E2D20563EF6E}.Release|x86.ActiveCfg = Release|Win32
		{F73C093D-9BAA-4623-958A-E2D20563EF6E}.Release|x86.Build.0 = Release|Win32
	EndGlobalSection
	GlobalSection(SolutionProperties) = preSolution
		HideSolutionNode = FALSE
	EndGlobalSection
	GlobalSection(ExtensibilityGlobals) = postSolution
		SolutionGuid = {0BD2E944-6FAC-4494-8324-00841F3D31F5}
	EndGlobalSection
EndGlobal
